
Microsoft Visual Studio Solution File, Format Version 12.00
# Visual Studio 15
VisualStudioVersion = 15.0.28307.1145
MinimumVisualStudioVersion = 10.0.40219.1
Project("{FAE04EC0-301F-11D3-BF4B-00C04F79EFBC}") = "Gene", "Gene\Gene.csproj", "{EE90DD44-1D38-4156-A5C6-087EE601F586}"
EndProject
Global
	GlobalSection(SolutionConfigurationPlatforms) = preSolution
		Debug|Any CPU = Debug|Any CPU
		Release|Any CPU = Release|Any CPU
	EndGlobalSection
	GlobalSection(ProjectConfigurationPlatforms) = postSolution
		{EE90DD44-1D38-4156-A5C6-087EE601F586}.Debug|Any CPU.ActiveCfg = Debug|Any CPU
		{EE90DD44-1D38-4156-A5C6-087EE601F586}.Debug|Any CPU.Build.0 = Debug|Any CPU
		{EE90DD44-1D38-4156-A5C6-087EE601F586}.Release|Any CPU.ActiveCfg = Release|Any CPU
		{EE90DD44-1D38-4156-A5C6-087EE601F586}.Release|Any CPU.Build.0 = Release|Any CPU
	EndGlobalSection
	GlobalSection(SolutionProperties) = preSolution
		HideSolutionNode = FALSE
	EndGlobalSection
	GlobalSection(ExtensibilityGlobals) = postSolution
		SolutionGuid = {01E5B144-FFCE-464C-BBAE-082E3B4D70E4}
	EndGlobalSection
EndGlobal
